PODS:
  - HBTableViewFrameWork (0.1.0)

DEPENDENCIES:
  - HBTableViewFrameWork (from `../`)

EXTERNAL SOURCES:
  HBTableViewFrameWork:
    :path: "../"

SPEC CHECKSUMS:
  HBTableViewFrameWork: dc974f27365e710fc3cddcdd84d0390e45ca68a2

PODFILE CHECKSUM: 6472b9165b16a538a31df9a6570b626fd48892d3

COCOAPODS: 1.5.3
